// !$*UTF8*$!
{
	archiveVersion = 1;
	classes = {
	};
	objectVersion = 50;
	objects = {

/* Begin PBXBuildFile section */
		610F7036267ADACF00348CF6 /* Bozzy_RegisterApp.swift in Sources */ = {isa = PBXBuildFile; fileRef = 610F7035267ADACF00348CF6 /* Bozzy_RegisterApp.swift */; };
		610F7038267ADACF00348CF6 /* ContentView.swift in Sources */ = {isa = PBXBuildFile; fileRef = 610F7037267ADACF00348CF6 /* ContentView.swift */; };
		610F703A267ADAD400348CF6 /* Assets.xcassets in Resources */ = {isa = PBXBuildFile; fileRef = 610F7039267ADAD400348CF6 /* Assets.xcassets */; };
		610F703D267ADAD400348CF6 /* Preview Assets.xcassets in Resources */ = {isa = PBXBuildFile; fileRef = 610F703C267ADAD400348CF6 /* Preview Assets.xcassets */; };
		610F7045267ADFEF00348CF6 /* Model.swift in Sources */ = {isa = PBXBuildFile; fileRef = 610F7044267ADFEE00348CF6 /* Model.swift */; };
		610F7047267AE0CF00348CF6 /* Menu.json in Resources */ = {isa = PBXBuildFile; fileRef = 610F7046267AE0CF00348CF6 /* Menu.json */; };
		615DFC902682C80000239344 /* BackGround.swift in Sources */ = {isa = PBXBuildFile; fileRef = 615DFC8F2682C80000239344 /* BackGround.swift */; };
/* End PBXBuildFile section */

/* Begin PBXFileReference section */
		610F7032267ADACF00348CF6 /* Bozzy Register.app */ = {isa = PBXFileReference; explicitFileType = wrapper.application; includeInIndex = 0; path = "Bozzy Register.app"; sourceTree = BUILT_PRODUCTS_DIR; };
		610F7035267ADACF00348CF6 /* Bozzy_RegisterApp.swift */ = {isa = PBXFileReference; lastKnownFileType = sourcecode.swift; path = Bozzy_RegisterApp.swift; sourceTree = "<group>"; };
		610F7037267ADACF00348CF6 /* ContentView.swift */ = {isa = PBXFileReference; lastKnownFileType = sourcecode.swift; path = ContentView.swift; sourceTree = "<group>"; };
		610F7039267ADAD400348CF6 /* Assets.xcassets */ = {isa = PBXFileReference; lastKnownFileType = folder.assetcatalog; path = Assets.xcassets; sourceTree = "<group>"; };
		610F703C267ADAD400348CF6 /* Preview Assets.xcassets */ = {isa = PBXFileReference; lastKnownFileType = folder.assetcatalog; path = "Preview Assets.xcassets"; sourceTree = "<group>"; };
		610F703E267ADAD500348CF6 /* Info.plist */ = {isa = PBXFileReference; lastKnownFileType = text.plist.xml; path = Info.plist; sourceTree = "<group>"; };
		610F7044267ADFEE00348CF6 /* Model.swift */ = {isa = PBXFileReference; lastKnownFileType = sourcecode.swift; path = Model.swift; sourceTree = "<group>"; };
		610F7046267AE0CF00348CF6 /* Menu.json */ = {isa = PBXFileReference; lastKnownFileType = text.json; path = Menu.json; sourceTree = "<group>"; };
		615DFC8F2682C80000239344 /* BackGround.swift */ = {isa = PBXFileReference; lastKnownFileType = sourcecode.swift; path = BackGround.swift; sourceTree = "<group>"; };
/* End PBXFileReference section */

/* Begin PBXFrameworksBuildPhase section */
		610F702F267ADACF00348CF6 /* Frameworks */ = {
			isa = PBXFrameworksBuildPhase;
			buildActionMask = 2147483647;
			files = (
			);
			runOnlyForDeploymentPostprocessing = 0;
		};
/* End PBXFrameworksBuildPhase section */

/* Begin PBXGroup section */
		610F7029267ADACE00348CF6 = {
			isa = PBXGroup;
			children = (
				610F7034267ADACF00348CF6 /* Bozzy Register */,
				610F7033267ADACF00348CF6 /* Products */,
			);
			sourceTree = "<group>";
		};
		610F7033267ADACF00348CF6 /* Products */ = {
			isa = PBXGroup;
			children = (
				610F7032267ADACF00348CF6 /* Bozzy Register.app */,
			);
			name = Products;
			sourceTree = "<group>";
		};
		610F7034267ADACF00348CF6 /* Bozzy Register */ = {
			isa = PBXGroup;
			children = (
				610F7035267ADACF00348CF6 /* Bozzy_RegisterApp.swift */,
				610F7037267ADACF00348CF6 /* ContentView.swift */,
				615DFC8F2682C80000239344 /* BackGround.swift */,
				610F7044267ADFEE00348CF6 /* Model.swift */,
				610F7046267AE0CF00348CF6 /* Menu.json */,
				610F7039267ADAD400348CF6 /* Assets.xcassets */,
				610F703E267ADAD500348CF6 /* Info.plist */,
				610F703B267ADAD400348CF6 /* Preview Content */,
			);
			path = "Bozzy Register";
			sourceTree = "<group>";
		};
		610F703B267ADAD400348CF6 /* Preview Content */ = {
			isa = PBXGroup;
			children = (
				610F703C267ADAD400348CF6 /* Preview Assets.xcassets */,
			);
			path = "Preview Content";
			sourceTree = "<group>";
		};
/* End PBXGroup section */

/* Begin PBXNativeTarget section */
		610F7031267ADACF00348CF6 /* Bozzy Register */ = {
			isa = PBXNativeTarget;
			buildConfigurationList = 610F7041267ADAD500348CF6 /* Build configuration list for PBXNativeTarget "Bozzy Register" */;
			buildPhases = (
				610F702E267ADACF00348CF6 /* Sources */,
				610F702F267ADACF00348CF6 /* Frameworks */,
				610F7030267ADACF00348CF6 /* Resources */,
			);
			buildRules = (
			);
			dependencies = (
			);
			name = "Bozzy Register";
			productName = "Bozzy Register";
			productReference = 610F7032267ADACF00348CF6 /* Bozzy Register.app */;
			productType = "com.apple.product-type.application";
		};
/* End PBXNativeTarget section */

/* Begin PBXProject section */
		610F702A267ADACE00348CF6 /* Project object */ = {
			isa = PBXProject;
			attributes = {
				LastSwiftUpdateCheck = 1250;
				LastUpgradeCheck = 1250;
				TargetAttributes = {
					610F7031267ADACF00348CF6 = {
						CreatedOnToolsVersion = 12.5;
					};
				};
			};
			buildConfigurationList = 610F702D267ADACE00348CF6 /* Build configuration list for PBXProject "Bozzy Register" */;
			compatibilityVersion = "Xcode 9.3";
			developmentRegion = en;
			hasScannedForEncodings = 0;
			knownRegions = (
				en,
				Base,
			);
			mainGroup = 610F7029267ADACE00348CF6;
			productRefGroup = 610F7033267ADACF00348CF6 /* Products */;
			projectDirPath = "";
			projectRoot = "";
			targets = (
				610F7031267ADACF00348CF6 /* Bozzy Register */,
			);
		};
/* End PBXProject section */

/* Begin PBXResourcesBuildPhase section */
		610F7030267ADACF00348CF6 /* Resources */ = {
			isa = PBXResourcesBuildPhase;
			buildActionMask = 2147483647;
			files = (
				610F703D267ADAD400348CF6 /* Preview Assets.xcassets in Resources */,
				610F7047267AE0CF00348CF6 /* Menu.json in Resources */,
				610F703A267ADAD400348CF6 /* Assets.xcassets in Resources */,
			);
			runOnlyForDeploymentPostprocessing = 0;
		};
/* End PBXResourcesBuildPhase section */

/* Begin PBXSourcesBuildPhase section */
		610F702E267ADACF00348CF6 /* Sources */ = {
			isa = PBXSourcesBuildPhase;
			buildActionMask = 2147483647;
			files = (
				610F7045267ADFEF00348CF6 /* Model.swift in Sources */,
				610F7038267ADACF00348CF6 /* ContentView.swift in Sources */,
				610F7036267ADACF00348CF6 /* Bozzy_RegisterApp.swift in Sources */,
				615DFC902682C80000239344 /* BackGround.swift in Sources */,
			);
			runOnlyForDeploymentPostprocessing = 0;
		};
/* End PBXSourcesBuildPhase section */

/* Begin XCBuildConfiguration section */
		610F703F267ADAD500348CF6 /* Debug */ = {
			isa = XCBuildConfiguration;
			buildSettings = {
				ALWAYS_SEARCH_USER_PATHS = NO;
				CLANG_ANALYZER_NONNULL = YES;
				CLANG_ANALYZER_NUMBER_OBJECT_CONVERSION = YES_AGGRESSIVE;
				CLANG_CXX_LANGUAGE_STANDARD = "gnu++14";
				CLANG_CXX_LIBRARY = "libc++";
				CLANG_ENABLE_MODULES = YES;
				CLANG_ENABLE_OBJC_ARC = YES;
				CLANG_ENABLE_OBJC_WEAK = YES;
				CLANG_WARN_BLOCK_CAPTURE_AUTORELEASING = YES;
				CLANG_WARN_BOOL_CONVERSION = YES;
				CLANG_WARN_COMMA = YES;
				CLANG_WARN_CONSTANT_CONVERSION = YES;
				CLANG_WARN_DEPRECATED_OBJC_IMPLEMENTATIONS = YES;
				CLANG_WARN_DIRECT_OBJC_ISA_USAGE = YES_ERROR;
				CLANG_WARN_DOCUMENTATION_COMMENTS = YES;
				CLANG_WARN_EMPTY_BODY = YES;
				CLANG_WARN_ENUM_CONVERSION = YES;
				CLANG_WARN_INFINITE_RECURSION = YES;
				CLANG_WARN_INT_CONVERSION = YES;
				CLANG_WARN_NON_LITERAL_NULL_CONVERSION = YES;
				CLANG_WARN_OBJC_IMPLICIT_RETAIN_SELF = YES;
				CLANG_WARN_OBJC_LITERAL_CONVERSION = YES;
				CLANG_WARN_OBJC_ROOT_CLASS = YES_ERROR;
				CLANG_WARN_QUOTED_INCLUDE_IN_FRAMEWORK_HEADER = YES;
				CLANG_WARN_RANGE_LOOP_ANALYSIS = YES;
				CLANG_WARN_STRICT_PROTOTYPES = YES;
				CLANG_WARN_SUSPICIOUS_MOVE = YES;
				CLANG_WARN_UNGUARDED_AVAILABILITY = YES_AGGRESSIVE;
				CLANG_WARN_UNREACHABLE_CODE = YES;
				CLANG_WARN__DUPLICATE_METHOD_MATCH = YES;
				COPY_PHASE_STRIP = NO;
				DEBUG_INFORMATION_FORMAT = dwarf;
				ENABLE_STRICT_OBJC_MSGSEND = YES;
				ENABLE_TESTABILITY = YES;
				GCC_C_LANGUAGE_STANDARD = gnu11;
				GCC_DYNAMIC_NO_PIC = NO;
				GCC_NO_COMMON_BLOCKS = YES;
				GCC_OPTIMIZATION_LEVEL = 0;
				GCC_PREPROCESSOR_DEFINITIONS = (
					"DEBUG=1",
					"$(inherited)",
				);
				GCC_WARN_64_TO_32_BIT_CONVERSION = YES;
				GCC_WARN_ABOUT_RETURN_TYPE = YES_ERROR;
				GCC_WARN_UNDECLARED_SELECTOR = YES;
				GCC_WARN_UNINITIALIZED_AUTOS = YES_AGGRESSIVE;
				GCC_WARN_UNUSED_FUNCTION = YES;
				GCC_WARN_UNUSED_VARIABLE = YES;
				IPHONEOS_DEPLOYMENT_TARGET = 14.5;
				MTL_ENABLE_DEBUG_INFO = INCLUDE_SOURCE;
				MTL_FAST_MATH = YES;
				ONLY_ACTIVE_ARCH = YES;
				SDKROOT = iphoneos;
				SWIFT_ACTIVE_COMPILATION_CONDITIONS = DEBUG;
				SWIFT_OPTIMIZATION_LEVEL = "-Onone";
			};
			name = Debug;
		};
		610F7040267ADAD500348CF6 /* Release */ = {
			isa = XCBuildConfiguration;
			buildSettings = {
				ALWAYS_SEARCH_USER_PATHS = NO;
				CLANG_ANALYZER_NONNULL = YES;
				CLANG_ANALYZER_NUMBER_OBJECT_CONVERSION = YES_AGGRESSIVE;
				CLANG_CXX_LANGUAGE_STANDARD = "gnu++14";
				CLANG_CXX_LIBRARY = "libc++";
				CLANG_ENABLE_MODULES = YES;
				CLANG_ENABLE_OBJC_ARC = YES;
				CLANG_ENABLE_OBJC_WEAK = YES;
				CLANG_WARN_BLOCK_CAPTURE_AUTORELEASING = YES;
				CLANG_WARN_BOOL_CONVERSION = YES;
				CLANG_WARN_COMMA = YES;
				CLANG_WARN_CONSTANT_CONVERSION = YES;
				CLANG_WARN_DEPRECATED_OBJC_IMPLEMENTATIONS = YES;
				CLANG_WARN_DIRECT_OBJC_ISA_USAGE = YES_ERROR;
				CLANG_WARN_DOCUMENTATION_COMMENTS = YES;
				CLANG_WARN_EMPTY_BODY = YES;
				CLANG_WARN_ENUM_CONVERSION = YES;
				CLANG_WARN_INFINITE_RECURSION = YES;
				CLANG_WARN_INT_CONVERSION = YES;
				CLANG_WARN_NON_LITERAL_NULL_CONVERSION = YES;
				CLANG_WARN_OBJC_IMPLICIT_RETAIN_SELF = YES;
				CLANG_WARN_OBJC_LITERAL_CONVERSION = YES;
				CLANG_WARN_OBJC_ROOT_CLASS = YES_ERROR;
				CLANG_WARN_QUOTED_INCLUDE_IN_FRAMEWORK_HEADER = YES;
				CLANG_WARN_RANGE_LOOP_ANALYSIS = YES;
				CLANG_WARN_STRICT_PROTOTYPES = YES;
				CLANG_WARN_SUSPICIOUS_MOVE = YES;
				CLANG_WARN_UNGUARDED_AVAILABILITY = YES_AGGRESSIVE;
				CLANG_WARN_UNREACHABLE_CODE = YES;
				CLANG_WARN__DUPLICATE_METHOD_MATCH = YES;
				COPY_PHASE_STRIP = NO;
				DEBUG_INFORMATION_FORMAT = "dwarf-with-dsym";
				ENABLE_NS_ASSERTIONS = NO;
				ENABLE_STRICT_OBJC_MSGSEND = YES;
				GCC_C_LANGUAGE_STANDARD = gnu11;
				GCC_NO_COMMON_BLOCKS = YES;
				GCC_WARN_64_TO_32_BIT_CONVERSION = YES;
				GCC_WARN_ABOUT_RETURN_TYPE = YES_ERROR;
				GCC_WARN_UNDECLARED_SELECTOR = YES;
				GCC_WARN_UNINITIALIZED_AUTOS = YES_AGGRESSIVE;
				GCC_WARN_UNUSED_FUNCTION = YES;
				GCC_WARN_UNUSED_VARIABLE = YES;
				IPHONEOS_DEPLOYMENT_TARGET = 14.5;
				MTL_ENABLE_DEBUG_INFO = NO;
				MTL_FAST_MATH = YES;
				SDKROOT = iphoneos;
				SWIFT_COMPILATION_MODE = wholemodule;
				SWIFT_OPTIMIZATION_LEVEL = "-O";
				VALIDATE_PRODUCT = YES;
			};
			name = Release;
		};
		610F7042267ADAD500348CF6 /* Debug */ = {
			isa = XCBuildConfiguration;
			buildSettings = {
				ASSETCATALOG_COMPILER_APPICON_NAME = AppIcon;
				ASSETCATALOG_COMPILER_GLOBAL_ACCENT_COLOR_NAME = AccentColor;
				CODE_SIGN_STYLE = Automatic;
				DEVELOPMENT_ASSET_PATHS = "\"Bozzy Register/Preview Content\"";
				DEVELOPMENT_TEAM = SZ24TTUHBL;
				ENABLE_PREVIEWS = YES;
				INFOPLIST_FILE = "Bozzy Register/Info.plist";
				IPHONEOS_DEPLOYMENT_TARGET = 14.0;
				LD_RUNPATH_SEARCH_PATHS = (
					"$(inherited)",
					"@executable_path/Frameworks",
				);
				PRODUCT_BUNDLE_IDENTIFIER = "vladukha.Bozzy-Register";
				PRODUCT_NAME = "$(TARGET_NAME)";
				SWIFT_VERSION = 5.0;
				TARGETED_DEVICE_FAMILY = "1,2";
			};
			name = Debug;
		};
		610F7043267ADAD500348CF6 /* Release */ = {
			isa = XCBuildConfiguration;
			buildSettings = {
				ASSETCATALOG_COMPILER_APPICON_NAME = AppIcon;
				ASSETCATALOG_COMPILER_GLOBAL_ACCENT_COLOR_NAME = AccentColor;
				CODE_SIGN_STYLE = Automatic;
				DEVELOPMENT_ASSET_PATHS = "\"Bozzy Register/Preview Content\"";
				DEVELOPMENT_TEAM = SZ24TTUHBL;
				ENABLE_PREVIEWS = YES;
				INFOPLIST_FILE = "Bozzy Register/Info.plist";
				IPHONEOS_DEPLOYMENT_TARGET = 14.0;
				LD_RUNPATH_SEARCH_PATHS = (
					"$(inherited)",
					"@executable_path/Frameworks",
				);
				PRODUCT_BUNDLE_IDENTIFIER = "vladukha.Bozzy-Register";
				PRODUCT_NAME = "$(TARGET_NAME)";
				SWIFT_VERSION = 5.0;
				TARGETED_DEVICE_FAMILY = "1,2";
			};
			name = Release;
		};
/* End XCBuildConfiguration section */

/* Begin XCConfigurationList section */
		610F702D267ADACE00348CF6 /* Build configuration list for PBXProject "Bozzy Register" */ = {
			isa = XCConfigurationList;
			buildConfigurations = (
				610F703F267ADAD500348CF6 /* Debug */,
				610F7040267ADAD500348CF6 /* Release */,
			);
			defaultConfigurationIsVisible = 0;
			defaultConfigurationName = Release;
		};
		610F7041267ADAD500348CF6 /* Build configuration list for PBXNativeTarget "Bozzy Register" */ = {
			isa = XCConfigurationList;
			buildConfigurations = (
				610F7042267ADAD500348CF6 /* Debug */,
				610F7043267ADAD500348CF6 /* Release */,
			);
			defaultConfigurationIsVisible = 0;
			defaultConfigurationName = Release;
		};
/* End XCConfigurationList section */
	};
	rootObject = 610F702A267ADACE00348CF6 /* Project object */;
}
